// !$*UTF8*$!
{
	archiveVersion = 1;
	classes = {
	};
	objectVersion = 55;
	objects = {

/* Begin PBXBuildFile section */
		2614FA312878005300AB5ADE /* AEAudioSwift.swift in Sources */ = {isa = PBXBuildFile; fileRef = 2614FA302878005300AB5ADE /* AEAudioSwift.swift */; };
		2614FA3B28780FFA00AB5ADE /* PCMData.m in Sources */ = {isa = PBXBuildFile; fileRef = 2614FA3A28780FFA00AB5ADE /* PCMData.m */; };
		263DC758285183D7006EC85E /* AEImgWatermarkController.m in Sources */ = {isa = PBXBuildFile; fileRef = 263DC757285183D7006EC85E /* AEImgWatermarkController.m */; };
		263DC75C285193F7006EC85E /* AEVidoPostController.m in Sources */ = {isa = PBXBuildFile; fileRef = 263DC75B285193F7006EC85E /* AEVidoPostController.m */; };
		263DC75E28519479006EC85E /* 111.mp3 in Resources */ = {isa = PBXBuildFile; fileRef = 263DC75D28519479006EC85E /* 111.mp3 */; };
		263DC760285195E2006EC85E /* video.mp4 in Resources */ = {isa = PBXBuildFile; fileRef = 263DC75F285195E2006EC85E /* video.mp4 */; };
		263DC7622851AC80006EC85E /* 002.mp4 in Resources */ = {isa = PBXBuildFile; fileRef = 263DC7612851AC80006EC85E /* 002.mp4 */; };
		263DC7642851C36C006EC85E /* son.gif in Resources */ = {isa = PBXBuildFile; fileRef = 263DC7632851C36C006EC85E /* son.gif */; };
		263F51A22869CC5F00ED1430 /* FileDownloadManager.m in Sources */ = {isa = PBXBuildFile; fileRef = 263F51A12869CC5F00ED1430 /* FileDownloadManager.m */; };
		263F51A7286AE3AE00ED1430 /* AEDownloadController.m in Sources */ = {isa = PBXBuildFile; fileRef = 263F51A6286AE3AE00ED1430 /* AEDownloadController.m */; };
		2645512928631EC20047B799 /* ARKit.framework in Frameworks */ = {isa = PBXBuildFile; fileRef = 2645512828631EC20047B799 /* ARKit.framework */; settings = {ATTRIBUTES = (Required, ); }; };
		26756B262843046700F49D1D /* AETestRotateView.m in Sources */ = {isa = PBXBuildFile; fileRef = 26756B252843046700F49D1D /* AETestRotateView.m */; };
		26797F4B283E0DD4006CCB20 /* AppDelegate.mm in Sources */ = {isa = PBXBuildFile; fileRef = 26797F4A283E0DD4006CCB20 /* AppDelegate.mm */; };
		26797F51283E0DD4006CCB20 /* ViewController.mm in Sources */ = {isa = PBXBuildFile; fileRef = 26797F50283E0DD4006CCB20 /* ViewController.mm */; };
		26797F54283E0DD4006CCB20 /* Main.storyboard in Resources */ = {isa = PBXBuildFile; fileRef = 26797F52283E0DD4006CCB20 /* Main.storyboard */; };
		26797F56283E0DD6006CCB20 /* Assets.xcassets in Resources */ = {isa = PBXBuildFile; fileRef = 26797F55283E0DD6006CCB20 /* Assets.xcassets */; };
		26797F59283E0DD6006CCB20 /* LaunchScreen.storyboard in Resources */ = {isa = PBXBuildFile; fileRef = 26797F57283E0DD6006CCB20 /* LaunchScreen.storyboard */; };
		26797F5C283E0DD6006CCB20 /* main.m in Sources */ = {isa = PBXBuildFile; fileRef = 26797F5B283E0DD6006CCB20 /* main.m */; };
		26797F65283E1733006CCB20 /* AERecordController.m in Sources */ = {isa = PBXBuildFile; fileRef = 26797F64283E1733006CCB20 /* AERecordController.m */; };
		26797F69283E257C006CCB20 /* AERotateScreenController.m in Sources */ = {isa = PBXBuildFile; fileRef = 26797F68283E257C006CCB20 /* AERotateScreenController.m */; };
		2680FE6428B8692200B492ED /* LaunchAn.m in Sources */ = {isa = PBXBuildFile; fileRef = 2680FE6328B8692200B492ED /* LaunchAn.m */; };
		2689E27628768117000A83D8 /* AEAudioPCMController.m in Sources */ = {isa = PBXBuildFile; fileRef = 2689E27528768117000A83D8 /* AEAudioPCMController.m */; };
		2689E27828768172000A83D8 /* alove.pcm in Resources */ = {isa = PBXBuildFile; fileRef = 2689E27728768172000A83D8 /* alove.pcm */; };
		2692676F288AE61B00B1018E /* Matrix.swift in Sources */ = {isa = PBXBuildFile; fileRef = 2692676E288AE61B00B1018E /* Matrix.swift */; };
		26A735D028F6C06900E75D16 /* AELandscapeRightVC.m in Sources */ = {isa = PBXBuildFile; fileRef = 26A735CF28F6C06900E75D16 /* AELandscapeRightVC.m */; };
		26DD5E18289374AE006C9AA9 /* AEAnimationController.m in Sources */ = {isa = PBXBuildFile; fileRef = 26DD5E17289374AE006C9AA9 /* AEAnimationController.m */; };
		26DF5CB028C76D3800209061 /* Data in Resources */ = {isa = PBXBuildFile; fileRef = 26DF5CAF28C76D3800209061 /* Data */; };
		26E3F75328DAE26E007A9C12 /* AELocationController.m in Sources */ = {isa = PBXBuildFile; fileRef = 26E3F75228DAE26E007A9C12 /* AELocationController.m */; };
		26E3F75528DAE4E4007A9C12 /* CoreLocation.framework in Frameworks */ = {isa = PBXBuildFile; fileRef = 26E3F75428DAE4E4007A9C12 /* CoreLocation.framework */; settings = {ATTRIBUTES = (Weak, ); }; };
/* End PBXBuildFile section */

/* Begin PBXFileReference section */
		2614FA2F2878005200AB5ADE /* iOS_note-Bridging-Header.h */ = {isa = PBXFileReference; lastKnownFileType = sourcecode.c.h; path = "iOS_note-Bridging-Header.h"; sourceTree = "<group>"; };
		2614FA302878005300AB5ADE /* AEAudioSwift.swift */ = {isa = PBXFileReference; lastKnownFileType = sourcecode.swift; path = AEAudioSwift.swift; sourceTree = "<group>"; };
		2614FA3928780FFA00AB5ADE /* PCMData.h */ = {isa = PBXFileReference; lastKnownFileType = sourcecode.c.h; path = PCMData.h; sourceTree = "<group>"; };
		2614FA3A28780FFA00AB5ADE /* PCMData.m */ = {isa = PBXFileReference; lastKnownFileType = sourcecode.c.objc; path = PCMData.m; sourceTree = "<group>"; };
		263DC756285183D7006EC85E /* AEImgWatermarkController.h */ = {isa = PBXFileReference; lastKnownFileType = sourcecode.c.h; path = AEImgWatermarkController.h; sourceTree = "<group>"; };
		263DC757285183D7006EC85E /* AEImgWatermarkController.m */ = {isa = PBXFileReference; lastKnownFileType = sourcecode.c.objc; path = AEImgWatermarkController.m; sourceTree = "<group>"; };
		263DC75A285193F7006EC85E /* AEVidoPostController.h */ = {isa = PBXFileReference; lastKnownFileType = sourcecode.c.h; path = AEVidoPostController.h; sourceTree = "<group>"; };
		263DC75B285193F7006EC85E /* AEVidoPostController.m */ = {isa = PBXFileReference; lastKnownFileType = sourcecode.c.objc; path = AEVidoPostController.m; sourceTree = "<group>"; };
		263DC75D28519479006EC85E /* 111.mp3 */ = {isa = PBXFileReference; lastKnownFileType = audio.mp3; path = 111.mp3; sourceTree = "<group>"; };
		263DC75F285195E2006EC85E /* video.mp4 */ = {isa = PBXFileReference; lastKnownFileType = file; path = video.mp4; sourceTree = "<group>"; };
		263DC7612851AC80006EC85E /* 002.mp4 */ = {isa = PBXFileReference; lastKnownFileType = file; path = 002.mp4; sourceTree = "<group>"; };
		263DC7632851C36C006EC85E /* son.gif */ = {isa = PBXFileReference; lastKnownFileType = image.gif; path = son.gif; sourceTree = "<group>"; };
		263F51A02869CC5F00ED1430 /* FileDownloadManager.h */ = {isa = PBXFileReference; lastKnownFileType = sourcecode.c.h; path = FileDownloadManager.h; sourceTree = "<group>"; };
		263F51A12869CC5F00ED1430 /* FileDownloadManager.m */ = {isa = PBXFileReference; lastKnownFileType = sourcecode.c.objc; path = FileDownloadManager.m; sourceTree = "<group>"; };
		263F51A5286AE3AE00ED1430 /* AEDownloadController.h */ = {isa = PBXFileReference; lastKnownFileType = sourcecode.c.h; path = AEDownloadController.h; sourceTree = "<group>"; };
		263F51A6286AE3AE00ED1430 /* AEDownloadController.m */ = {isa = PBXFileReference; lastKnownFileType = sourcecode.c.objc; path = AEDownloadController.m; sourceTree = "<group>"; };
		2645512828631EC20047B799 /* ARKit.framework */ = {isa = PBXFileReference; lastKnownFileType = wrapper.framework; name = ARKit.framework; path = System/Library/Frameworks/ARKit.framework; sourceTree = SDKROOT; };
		26756B242843046700F49D1D /* AETestRotateView.h */ = {isa = PBXFileReference; lastKnownFileType = sourcecode.c.h; path = AETestRotateView.h; sourceTree = "<group>"; };
		26756B252843046700F49D1D /* AETestRotateView.m */ = {isa = PBXFileReference; lastKnownFileType = sourcecode.c.objc; path = AETestRotateView.m; sourceTree = "<group>"; };
		26797F46283E0DD4006CCB20 /* iOS_note.app */ = {isa = PBXFileReference; explicitFileType = wrapper.application; includeInIndex = 0; path = iOS_note.app; sourceTree = BUILT_PRODUCTS_DIR; };
		26797F49283E0DD4006CCB20 /* AppDelegate.h */ = {isa = PBXFileReference; lastKnownFileType = sourcecode.c.h; path = AppDelegate.h; sourceTree = "<group>"; };
		26797F4A283E0DD4006CCB20 /* AppDelegate.mm */ = {isa = PBXFileReference; lastKnownFileType = sourcecode.cpp.objcpp; path = AppDelegate.mm; sourceTree = "<group>"; };
		26797F4F283E0DD4006CCB20 /* ViewController.h */ = {isa = PBXFileReference; lastKnownFileType = sourcecode.c.h; path = ViewController.h; sourceTree = "<group>"; };
		26797F50283E0DD4006CCB20 /* ViewController.mm */ = {isa = PBXFileReference; lastKnownFileType = sourcecode.cpp.objcpp; path = ViewController.mm; sourceTree = "<group>"; };
		26797F53283E0DD4006CCB20 /* Base */ = {isa = PBXFileReference; lastKnownFileType = file.storyboard; name = Base; path = Base.lproj/Main.storyboard; sourceTree = "<group>"; };
		26797F55283E0DD6006CCB20 /* Assets.xcassets */ = {isa = PBXFileReference; lastKnownFileType = folder.assetcatalog; path = Assets.xcassets; sourceTree = "<group>"; };
		26797F58283E0DD6006CCB20 /* Base */ = {isa = PBXFileReference; lastKnownFileType = file.storyboard; name = Base; path = Base.lproj/LaunchScreen.storyboard; sourceTree = "<group>"; };
		26797F5A283E0DD6006CCB20 /* Info.plist */ = {isa = PBXFileReference; lastKnownFileType = text.plist.xml; path = Info.plist; sourceTree = "<group>"; };
		26797F5B283E0DD6006CCB20 /* main.m */ = {isa = PBXFileReference; lastKnownFileType = sourcecode.c.objc; path = main.m; sourceTree = "<group>"; };
		26797F63283E1733006CCB20 /* AERecordController.h */ = {isa = PBXFileReference; lastKnownFileType = sourcecode.c.h; path = AERecordController.h; sourceTree = "<group>"; };
		26797F64283E1733006CCB20 /* AERecordController.m */ = {isa = PBXFileReference; lastKnownFileType = sourcecode.c.objc; path = AERecordController.m; sourceTree = "<group>"; };
		26797F67283E257C006CCB20 /* AERotateScreenController.h */ = {isa = PBXFileReference; lastKnownFileType = sourcecode.c.h; path = AERotateScreenController.h; sourceTree = "<group>"; };
		26797F68283E257C006CCB20 /* AERotateScreenController.m */ = {isa = PBXFileReference; lastKnownFileType = sourcecode.c.objc; path = AERotateScreenController.m; sourceTree = "<group>"; };
		2680FE6228B8692200B492ED /* LaunchAn.h */ = {isa = PBXFileReference; lastKnownFileType = sourcecode.c.h; path = LaunchAn.h; sourceTree = "<group>"; };
		2680FE6328B8692200B492ED /* LaunchAn.m */ = {isa = PBXFileReference; lastKnownFileType = sourcecode.c.objc; path = LaunchAn.m; sourceTree = "<group>"; };
		2689E27428768117000A83D8 /* AEAudioPCMController.h */ = {isa = PBXFileReference; lastKnownFileType = sourcecode.c.h; path = AEAudioPCMController.h; sourceTree = "<group>"; };
		2689E27528768117000A83D8 /* AEAudioPCMController.m */ = {isa = PBXFileReference; lastKnownFileType = sourcecode.c.objc; path = AEAudioPCMController.m; sourceTree = "<group>"; };
		2689E27728768172000A83D8 /* alove.pcm */ = {isa = PBXFileReference; lastKnownFileType = file; path = alove.pcm; sourceTree = "<group>"; };
		2692676E288AE61B00B1018E /* Matrix.swift */ = {isa = PBXFileReference; lastKnownFileType = sourcecode.swift; path = Matrix.swift; sourceTree = "<group>"; };
		26A735CE28F6C06900E75D16 /* AELandscapeRightVC.h */ = {isa = PBXFileReference; lastKnownFileType = sourcecode.c.h; path = AELandscapeRightVC.h; sourceTree = "<group>"; };
		26A735CF28F6C06900E75D16 /* AELandscapeRightVC.m */ = {isa = PBXFileReference; lastKnownFileType = sourcecode.c.objc; path = AELandscapeRightVC.m; sourceTree = "<group>"; };
		26DD5E16289374AE006C9AA9 /* AEAnimationController.h */ = {isa = PBXFileReference; lastKnownFileType = sourcecode.c.h; path = AEAnimationController.h; sourceTree = "<group>"; };
		26DD5E17289374AE006C9AA9 /* AEAnimationController.m */ = {isa = PBXFileReference; lastKnownFileType = sourcecode.c.objc; path = AEAnimationController.m; sourceTree = "<group>"; };
		26DF5CAF28C76D3800209061 /* Data */ = {isa = PBXFileReference; lastKnownFileType = folder; path = Data; sourceTree = "<group>"; };
		26E3F75128DAE26E007A9C12 /* AELocationController.h */ = {isa = PBXFileReference; lastKnownFileType = sourcecode.c.h; path = AELocationController.h; sourceTree = "<group>"; };
		26E3F75228DAE26E007A9C12 /* AELocationController.m */ = {isa = PBXFileReference; lastKnownFileType = sourcecode.c.objc; path = AELocationController.m; sourceTree = "<group>"; };
		26E3F75428DAE4E4007A9C12 /* CoreLocation.framework */ = {isa = PBXFileReference; lastKnownFileType = wrapper.framework; name = CoreLocation.framework; path = System/Library/Frameworks/CoreLocation.framework; sourceTree = SDKROOT; };
/* End PBXFileReference section */

/* Begin PBXFrameworksBuildPhase section */
		26797F43283E0DD4006CCB20 /* Frameworks */ = {
			isa = PBXFrameworksBuildPhase;
			buildActionMask = 2147483647;
			files = (
				26E3F75528DAE4E4007A9C12 /* CoreLocation.framework in Frameworks */,
				2645512928631EC20047B799 /* ARKit.framework in Frameworks */,
			);
			runOnlyForDeploymentPostprocessing = 0;
		};
/* End PBXFrameworksBuildPhase section */

/* Begin PBXGroup section */
		2614FA3628780FC700AB5ADE /* PlayData */ = {
			isa = PBXGroup;
			children = (
				2614FA3928780FFA00AB5ADE /* PCMData.h */,
				2614FA3A28780FFA00AB5ADE /* PCMData.m */,
			);
			path = PlayData;
			sourceTree = "<group>";
		};
		263DC7552851835A006EC85E /* 图片添加水印 */ = {
			isa = PBXGroup;
			children = (
				263DC756285183D7006EC85E /* AEImgWatermarkController.h */,
				263DC757285183D7006EC85E /* AEImgWatermarkController.m */,
			);
			path = "图片添加水印";
			sourceTree = "<group>";
		};
		263DC75928519150006EC85E /* 视频音频合成 */ = {
			isa = PBXGroup;
			children = (
				263DC7632851C36C006EC85E /* son.gif */,
				263DC7612851AC80006EC85E /* 002.mp4 */,
				263DC75F285195E2006EC85E /* video.mp4 */,
				263DC75D28519479006EC85E /* 111.mp3 */,
				263DC75A285193F7006EC85E /* AEVidoPostController.h */,
				263DC75B285193F7006EC85E /* AEVidoPostController.m */,
			);
			path = "视频音频合成";
			sourceTree = "<group>";
		};
		263F519F2869CC1700ED1430 /* 原生文件下载 */ = {
			isa = PBXGroup;
			children = (
				263F51A02869CC5F00ED1430 /* FileDownloadManager.h */,
				263F51A12869CC5F00ED1430 /* FileDownloadManager.m */,
				263F51A5286AE3AE00ED1430 /* AEDownloadController.h */,
				263F51A6286AE3AE00ED1430 /* AEDownloadController.m */,
			);
			path = "原生文件下载";
			sourceTree = "<group>";
		};
		2645512728631EC10047B799 /* Frameworks */ = {
			isa = PBXGroup;
			children = (
				26E3F75428DAE4E4007A9C12 /* CoreLocation.framework */,
				2645512828631EC20047B799 /* ARKit.framework */,
			);
			name = Frameworks;
			sourceTree = "<group>";
		};
		26797F3D283E0DD4006CCB20 = {
			isa = PBXGroup;
			children = (
				26797F48283E0DD4006CCB20 /* iOS_note */,
				26797F47283E0DD4006CCB20 /* Products */,
				2645512728631EC10047B799 /* Frameworks */,
			);
			sourceTree = "<group>";
		};
		26797F47283E0DD4006CCB20 /* Products */ = {
			isa = PBXGroup;
			children = (
				26797F46283E0DD4006CCB20 /* iOS_note.app */,
			);
			name = Products;
			sourceTree = "<group>";
		};
		26797F48283E0DD4006CCB20 /* iOS_note */ = {
			isa = PBXGroup;
			children = (
				26A735CD28F6C04400E75D16 /* 进入页面为横屏 */,
				26E3F75028DAE23B007A9C12 /* 同步获取位置信息 */,
				26DF5CAE28C76CEC00209061 /* 测试写入文件 */,
				2680FE6128B868F900B492ED /* 启动动画 */,
				2692676D288AE5FE00B1018E /* 矩阵计算 */,
				2689E273287680F0000A83D8 /* 播放PCM */,
				263F519F2869CC1700ED1430 /* 原生文件下载 */,
				263DC75928519150006EC85E /* 视频音频合成 */,
				263DC7552851835A006EC85E /* 图片添加水印 */,
				26797F66283E254B006CCB20 /* 点击旋转屏幕 */,
				26797F62283E1596006CCB20 /* 录音 */,
				26797F49283E0DD4006CCB20 /* AppDelegate.h */,
				26797F4A283E0DD4006CCB20 /* AppDelegate.mm */,
				26797F4F283E0DD4006CCB20 /* ViewController.h */,
				26797F50283E0DD4006CCB20 /* ViewController.mm */,
				26797F52283E0DD4006CCB20 /* Main.storyboard */,
				26797F55283E0DD6006CCB20 /* Assets.xcassets */,
				26797F57283E0DD6006CCB20 /* LaunchScreen.storyboard */,
				26797F5A283E0DD6006CCB20 /* Info.plist */,
				26797F5B283E0DD6006CCB20 /* main.m */,
			);
			path = iOS_note;
			sourceTree = "<group>";
		};
		26797F62283E1596006CCB20 /* 录音 */ = {
			isa = PBXGroup;
			children = (
				26797F63283E1733006CCB20 /* AERecordController.h */,
				26797F64283E1733006CCB20 /* AERecordController.m */,
			);
			path = "录音";
			sourceTree = "<group>";
		};
		26797F66283E254B006CCB20 /* 点击旋转屏幕 */ = {
			isa = PBXGroup;
			children = (
				26797F67283E257C006CCB20 /* AERotateScreenController.h */,
				26797F68283E257C006CCB20 /* AERotateScreenController.m */,
				26756B242843046700F49D1D /* AETestRotateView.h */,
				26756B252843046700F49D1D /* AETestRotateView.m */,
			);
			path = "点击旋转屏幕";
			sourceTree = "<group>";
		};
		2680FE6128B868F900B492ED /* 启动动画 */ = {
			isa = PBXGroup;
			children = (
				2680FE6228B8692200B492ED /* LaunchAn.h */,
				2680FE6328B8692200B492ED /* LaunchAn.m */,
			);
			path = "启动动画";
			sourceTree = "<group>";
		};
		2689E273287680F0000A83D8 /* 播放PCM */ = {
			isa = PBXGroup;
			children = (
				2614FA3628780FC700AB5ADE /* PlayData */,
				2689E27728768172000A83D8 /* alove.pcm */,
				2689E27428768117000A83D8 /* AEAudioPCMController.h */,
				2689E27528768117000A83D8 /* AEAudioPCMController.m */,
				2614FA302878005300AB5ADE /* AEAudioSwift.swift */,
				2614FA2F2878005200AB5ADE /* iOS_note-Bridging-Header.h */,
			);
			path = "播放PCM";
			sourceTree = "<group>";
		};
		2692676D288AE5FE00B1018E /* 矩阵计算 */ = {
			isa = PBXGroup;
			children = (
				2692676E288AE61B00B1018E /* Matrix.swift */,
				26DD5E16289374AE006C9AA9 /* AEAnimationController.h */,
				26DD5E17289374AE006C9AA9 /* AEAnimationController.m */,
			);
			path = "矩阵计算";
			sourceTree = "<group>";
		};
		26A735CD28F6C04400E75D16 /* 进入页面为横屏 */ = {
			isa = PBXGroup;
			children = (
				26A735CE28F6C06900E75D16 /* AELandscapeRightVC.h */,
				26A735CF28F6C06900E75D16 /* AELandscapeRightVC.m */,
			);
			path = "进入页面为横屏";
			sourceTree = "<group>";
		};
		26DF5CAE28C76CEC00209061 /* 测试写入文件 */ = {
			isa = PBXGroup;
			children = (
				26DF5CAF28C76D3800209061 /* Data */,
			);
			path = "测试写入文件";
			sourceTree = "<group>";
		};
		26E3F75028DAE23B007A9C12 /* 同步获取位置信息 */ = {
			isa = PBXGroup;
			children = (
				26E3F75128DAE26E007A9C12 /* AELocationController.h */,
				26E3F75228DAE26E007A9C12 /* AELocationController.m */,
			);
			path = "同步获取位置信息";
			sourceTree = "<group>";
		};
/* End PBXGroup section */

/* Begin PBXNativeTarget section */
		26797F45283E0DD4006CCB20 /* iOS_note */ = {
			isa = PBXNativeTarget;
			buildConfigurationList = 26797F5F283E0DD6006CCB20 /* Build configuration list for PBXNativeTarget "iOS_note" */;
			buildPhases = (
				26797F42283E0DD4006CCB20 /* Sources */,
				26797F43283E0DD4006CCB20 /* Frameworks */,
				26797F44283E0DD4006CCB20 /* Resources */,
			);
			buildRules = (
			);
			dependencies = (
			);
			name = iOS_note;
			productName = iOS_note;
			productReference = 26797F46283E0DD4006CCB20 /* iOS_note.app */;
			productType = "com.apple.product-type.application";
		};
/* End PBXNativeTarget section */

/* Begin PBXProject section */
		26797F3E283E0DD4006CCB20 /* Project object */ = {
			isa = PBXProject;
			attributes = {
				BuildIndependentTargetsInParallel = 1;
				LastUpgradeCheck = 1330;
				TargetAttributes = {
					26797F45283E0DD4006CCB20 = {
						CreatedOnToolsVersion = 13.3;
						LastSwiftMigration = 1340;
					};
				};
			};
			buildConfigurationList = 26797F41283E0DD4006CCB20 /* Build configuration list for PBXProject "iOS_note" */;
			compatibilityVersion = "Xcode 13.0";
			developmentRegion = en;
			hasScannedForEncodings = 0;
			knownRegions = (
				en,
				Base,
			);
			mainGroup = 26797F3D283E0DD4006CCB20;
			productRefGroup = 26797F47283E0DD4006CCB20 /* Products */;
			projectDirPath = "";
			projectRoot = "";
			targets = (
				26797F45283E0DD4006CCB20 /* iOS_note */,
			);
		};
/* End PBXProject section */

/* Begin PBXResourcesBuildPhase section */
		26797F44283E0DD4006CCB20 /* Resources */ = {
			isa = PBXResourcesBuildPhase;
			buildActionMask = 2147483647;
			files = (
				263DC7622851AC80006EC85E /* 002.mp4 in Resources */,
				263DC75E28519479006EC85E /* 111.mp3 in Resources */,
				263DC760285195E2006EC85E /* video.mp4 in Resources */,
				26797F59283E0DD6006CCB20 /* LaunchScreen.storyboard in Resources */,
				26797F56283E0DD6006CCB20 /* Assets.xcassets in Resources */,
				26797F54283E0DD4006CCB20 /* Main.storyboard in Resources */,
				2689E27828768172000A83D8 /* alove.pcm in Resources */,
				263DC7642851C36C006EC85E /* son.gif in Resources */,
				26DF5CB028C76D3800209061 /* Data in Resources */,
			);
			runOnlyForDeploymentPostprocessing = 0;
		};
/* End PBXResourcesBuildPhase section */

/* Begin PBXSourcesBuildPhase section */
		26797F42283E0DD4006CCB20 /* Sources */ = {
			isa = PBXSourcesBuildPhase;
			buildActionMask = 2147483647;
			files = (
				2692676F288AE61B00B1018E /* Matrix.swift in Sources */,
				26797F65283E1733006CCB20 /* AERecordController.m in Sources */,
				26797F51283E0DD4006CCB20 /* ViewController.mm in Sources */,
				26A735D028F6C06900E75D16 /* AELandscapeRightVC.m in Sources */,
				2614FA312878005300AB5ADE /* AEAudioSwift.swift in Sources */,
				26DD5E18289374AE006C9AA9 /* AEAnimationController.m in Sources */,
				2614FA3B28780FFA00AB5ADE /* PCMData.m in Sources */,
				26797F69283E257C006CCB20 /* AERotateScreenController.m in Sources */,
				263DC75C285193F7006EC85E /* AEVidoPostController.m in Sources */,
				26797F4B283E0DD4006CCB20 /* AppDelegate.mm in Sources */,
				26E3F75328DAE26E007A9C12 /* AELocationController.m in Sources */,
				263F51A22869CC5F00ED1430 /* FileDownloadManager.m in Sources */,
				263DC758285183D7006EC85E /* AEImgWatermarkController.m in Sources */,
				26797F5C283E0DD6006CCB20 /* main.m in Sources */,
				2689E27628768117000A83D8 /* AEAudioPCMController.m in Sources */,
				26756B262843046700F49D1D /* AETestRotateView.m in Sources */,
				263F51A7286AE3AE00ED1430 /* AEDownloadController.m in Sources */,
				2680FE6428B8692200B492ED /* LaunchAn.m in Sources */,
			);
			runOnlyForDeploymentPostprocessing = 0;
		};
/* End PBXSourcesBuildPhase section */

/* Begin PBXVariantGroup section */
		26797F52283E0DD4006CCB20 /* Main.storyboard */ = {
			isa = PBXVariantGroup;
			children = (
				26797F53283E0DD4006CCB20 /* Base */,
			);
			name = Main.storyboard;
			sourceTree = "<group>";
		};
		26797F57283E0DD6006CCB20 /* LaunchScreen.storyboard */ = {
			isa = PBXVariantGroup;
			children = (
				26797F58283E0DD6006CCB20 /* Base */,
			);
			name = LaunchScreen.storyboard;
			sourceTree = "<group>";
		};
/* End PBXVariantGroup section */

/* Begin XCBuildConfiguration section */
		26797F5D283E0DD6006CCB20 /* Debug */ = {
			isa = XCBuildConfiguration;
			buildSettings = {
				ALWAYS_SEARCH_USER_PATHS = NO;
				CLANG_ANALYZER_NONNULL = YES;
				CLANG_ANALYZER_NUMBER_OBJECT_CONVERSION = YES_AGGRESSIVE;
				CLANG_CXX_LANGUAGE_STANDARD = "gnu++17";
				CLANG_ENABLE_MODULES = YES;
				CLANG_ENABLE_OBJC_ARC = YES;
				CLANG_ENABLE_OBJC_WEAK = YES;
				CLANG_WARN_BLOCK_CAPTURE_AUTORELEASING = YES;
				CLANG_WARN_BOOL_CONVERSION = YES;
				CLANG_WARN_COMMA = YES;
				CLANG_WARN_CONSTANT_CONVERSION = YES;
				CLANG_WARN_DEPRECATED_OBJC_IMPLEMENTATIONS = YES;
				CLANG_WARN_DIRECT_OBJC_ISA_USAGE = YES_ERROR;
				CLANG_WARN_DOCUMENTATION_COMMENTS = YES;
				CLANG_WARN_EMPTY_BODY = YES;
				CLANG_WARN_ENUM_CONVERSION = YES;
				CLANG_WARN_INFINITE_RECURSION = YES;
				CLANG_WARN_INT_CONVERSION = YES;
				CLANG_WARN_NON_LITERAL_NULL_CONVERSION = YES;
				CLANG_WARN_OBJC_IMPLICIT_RETAIN_SELF = YES;
				CLANG_WARN_OBJC_LITERAL_CONVERSION = YES;
				CLANG_WARN_OBJC_ROOT_CLASS = YES_ERROR;
				CLANG_WARN_QUOTED_INCLUDE_IN_FRAMEWORK_HEADER = YES;
				CLANG_WARN_RANGE_LOOP_ANALYSIS = YES;
				CLANG_WARN_STRICT_PROTOTYPES = YES;
				CLANG_WARN_SUSPICIOUS_MOVE = YES;
				CLANG_WARN_UNGUARDED_AVAILABILITY = YES_AGGRESSIVE;
				CLANG_WARN_UNREACHABLE_CODE = YES;
				CLANG_WARN__DUPLICATE_METHOD_MATCH = YES;
				COPY_PHASE_STRIP = NO;
				DEBUG_INFORMATION_FORMAT = dwarf;
				ENABLE_STRICT_OBJC_MSGSEND = YES;
				ENABLE_TESTABILITY = YES;
				GCC_C_LANGUAGE_STANDARD = gnu11;
				GCC_DYNAMIC_NO_PIC = NO;
				GCC_NO_COMMON_BLOCKS = YES;
				GCC_OPTIMIZATION_LEVEL = 0;
				GCC_PREPROCESSOR_DEFINITIONS = (
					"DEBUG=1",
					"$(inherited)",
				);
				GCC_WARN_64_TO_32_BIT_CONVERSION = YES;
				GCC_WARN_ABOUT_RETURN_TYPE = YES_ERROR;
				GCC_WARN_UNDECLARED_SELECTOR = YES;
				GCC_WARN_UNINITIALIZED_AUTOS = YES_AGGRESSIVE;
				GCC_WARN_UNUSED_FUNCTION = YES;
				GCC_WARN_UNUSED_VARIABLE = YES;
				IPHONEOS_DEPLOYMENT_TARGET = 15.4;
				MTL_ENABLE_DEBUG_INFO = INCLUDE_SOURCE;
				MTL_FAST_MATH = YES;
				ONLY_ACTIVE_ARCH = YES;
				SDKROOT = iphoneos;
			};
			name = Debug;
		};
		26797F5E283E0DD6006CCB20 /* Release */ = {
			isa = XCBuildConfiguration;
			buildSettings = {
				ALWAYS_SEARCH_USER_PATHS = NO;
				CLANG_ANALYZER_NONNULL = YES;
				CLANG_ANALYZER_NUMBER_OBJECT_CONVERSION = YES_AGGRESSIVE;
				CLANG_CXX_LANGUAGE_STANDARD = "gnu++17";
				CLANG_ENABLE_MODULES = YES;
				CLANG_ENABLE_OBJC_ARC = YES;
				CLANG_ENABLE_OBJC_WEAK = YES;
				CLANG_WARN_BLOCK_CAPTURE_AUTORELEASING = YES;
				CLANG_WARN_BOOL_CONVERSION = YES;
				CLANG_WARN_COMMA = YES;
				CLANG_WARN_CONSTANT_CONVERSION = YES;
				CLANG_WARN_DEPRECATED_OBJC_IMPLEMENTATIONS = YES;
				CLANG_WARN_DIRECT_OBJC_ISA_USAGE = YES_ERROR;
				CLANG_WARN_DOCUMENTATION_COMMENTS = YES;
				CLANG_WARN_EMPTY_BODY = YES;
				CLANG_WARN_ENUM_CONVERSION = YES;
				CLANG_WARN_INFINITE_RECURSION = YES;
				CLANG_WARN_INT_CONVERSION = YES;
				CLANG_WARN_NON_LITERAL_NULL_CONVERSION = YES;
				CLANG_WARN_OBJC_IMPLICIT_RETAIN_SELF = YES;
				CLANG_WARN_OBJC_LITERAL_CONVERSION = YES;
				CLANG_WARN_OBJC_ROOT_CLASS = YES_ERROR;
				CLANG_WARN_QUOTED_INCLUDE_IN_FRAMEWORK_HEADER = YES;
				CLANG_WARN_RANGE_LOOP_ANALYSIS = YES;
				CLANG_WARN_STRICT_PROTOTYPES = YES;
				CLANG_WARN_SUSPICIOUS_MOVE = YES;
				CLANG_WARN_UNGUARDED_AVAILABILITY = YES_AGGRESSIVE;
				CLANG_WARN_UNREACHABLE_CODE = YES;
				CLANG_WARN__DUPLICATE_METHOD_MATCH = YES;
				COPY_PHASE_STRIP = NO;
				DEBUG_INFORMATION_FORMAT = "dwarf-with-dsym";
				ENABLE_NS_ASSERTIONS = NO;
				ENABLE_STRICT_OBJC_MSGSEND = YES;
				GCC_C_LANGUAGE_STANDARD = gnu11;
				GCC_NO_COMMON_BLOCKS = YES;
				GCC_WARN_64_TO_32_BIT_CONVERSION = YES;
				GCC_WARN_ABOUT_RETURN_TYPE = YES_ERROR;
				GCC_WARN_UNDECLARED_SELECTOR = YES;
				GCC_WARN_UNINITIALIZED_AUTOS = YES_AGGRESSIVE;
				GCC_WARN_UNUSED_FUNCTION = YES;
				GCC_WARN_UNUSED_VARIABLE = YES;
				IPHONEOS_DEPLOYMENT_TARGET = 15.4;
				MTL_ENABLE_DEBUG_INFO = NO;
				MTL_FAST_MATH = YES;
				SDKROOT = iphoneos;
				VALIDATE_PRODUCT = YES;
			};
			name = Release;
		};
		26797F60283E0DD6006CCB20 /* Debug */ = {
			isa = XCBuildConfiguration;
			buildSettings = {
				ASSETCATALOG_COMPILER_APPICON_NAME = AppIcon;
				ASSETCATALOG_COMPILER_GLOBAL_ACCENT_COLOR_NAME = AccentColor;
				CLANG_ENABLE_MODULES = YES;
				CODE_SIGN_STYLE = Automatic;
				CURRENT_PROJECT_VERSION = 1;
				DEVELOPMENT_TEAM = D5M8CJ9NDR;
				GENERATE_INFOPLIST_FILE = YES;
				INFOPLIST_FILE = iOS_note/Info.plist;
				INFOPLIST_KEY_LSSupportsOpeningDocumentsInPlace = YES;
				INFOPLIST_KEY_NSLocationAlwaysAndWhenInUseUsageDescription = "一直使用定位";
				INFOPLIST_KEY_NSLocationWhenInUseUsageDescription = "使用期间定位";
				INFOPLIST_KEY_NSMicrophoneUsageDescription = "访问麦克风";
				INFOPLIST_KEY_NSPhotoLibraryUsageDescription = "访问相册";
				INFOPLIST_KEY_UIApplicationSupportsIndirectInputEvents = YES;
				INFOPLIST_KEY_UILaunchStoryboardName = LaunchScreen;
				INFOPLIST_KEY_UIMainStoryboardFile = Main;
				INFOPLIST_KEY_UISupportedInterfaceOrientations = UIInterfaceOrientationPortrait;
				IPHONEOS_DEPLOYMENT_TARGET = 12.0;
				LD_RUNPATH_SEARCH_PATHS = (
					"$(inherited)",
					"@executable_path/Frameworks",
				);
				MARKETING_VERSION = 1.0;
				PRODUCT_BUNDLE_IDENTIFIER = "com.allen0828.iOS-note";
				PRODUCT_NAME = "$(TARGET_NAME)";
				SWIFT_EMIT_LOC_STRINGS = YES;
				SWIFT_OBJC_BRIDGING_HEADER = "iOS_note/播放PCM/iOS_note-Bridging-Header.h";
				SWIFT_OPTIMIZATION_LEVEL = "-Onone";
				SWIFT_VERSION = 5.0;
				TARGETED_DEVICE_FAMILY = "1,2";
			};
			name = Debug;
		};
		26797F61283E0DD6006CCB20 /* Release */ = {
			isa = XCBuildConfiguration;
			buildSettings = {
				ASSETCATALOG_COMPILER_APPICON_NAME = AppIcon;
				ASSETCATALOG_COMPILER_GLOBAL_ACCENT_COLOR_NAME = AccentColor;
				CLANG_ENABLE_MODULES = YES;
				CODE_SIGN_STYLE = Automatic;
				CURRENT_PROJECT_VERSION = 1;
				DEVELOPMENT_TEAM = D5M8CJ9NDR;
				GENERATE_INFOPLIST_FILE = YES;
				INFOPLIST_FILE = iOS_note/Info.plist;
				INFOPLIST_KEY_LSSupportsOpeningDocumentsInPlace = YES;
				INFOPLIST_KEY_NSLocationAlwaysAndWhenInUseUsageDescription = "一直使用定位";
				INFOPLIST_KEY_NSLocationWhenInUseUsageDescription = "使用期间定位";
				INFOPLIST_KEY_NSMicrophoneUsageDescription = "访问麦克风";
				INFOPLIST_KEY_NSPhotoLibraryUsageDescription = "访问相册";
				INFOPLIST_KEY_UIApplicationSupportsIndirectInputEvents = YES;
				INFOPLIST_KEY_UILaunchStoryboardName = LaunchScreen;
				INFOPLIST_KEY_UIMainStoryboardFile = Main;
				INFOPLIST_KEY_UISupportedInterfaceOrientations = UIInterfaceOrientationPortrait;
				IPHONEOS_DEPLOYMENT_TARGET = 12.0;
				LD_RUNPATH_SEARCH_PATHS = (
					"$(inherited)",
					"@executable_path/Frameworks",
				);
				MARKETING_VERSION = 1.0;
				PRODUCT_BUNDLE_IDENTIFIER = "com.allen0828.iOS-note";
				PRODUCT_NAME = "$(TARGET_NAME)";
				SWIFT_EMIT_LOC_STRINGS = YES;
				SWIFT_OBJC_BRIDGING_HEADER = "iOS_note/播放PCM/iOS_note-Bridging-Header.h";
				SWIFT_VERSION = 5.0;
				TARGETED_DEVICE_FAMILY = "1,2";
			};
			name = Release;
		};
/* End XCBuildConfiguration section */

/* Begin XCConfigurationList section */
		26797F41283E0DD4006CCB20 /* Build configuration list for PBXProject "iOS_note" */ = {
			isa = XCConfigurationList;
			buildConfigurations = (
				26797F5D283E0DD6006CCB20 /* Debug */,
				26797F5E283E0DD6006CCB20 /* Release */,
			);
			defaultConfigurationIsVisible = 0;
			defaultConfigurationName = Release;
		};
		26797F5F283E0DD6006CCB20 /* Build configuration list for PBXNativeTarget "iOS_note" */ = {
			isa = XCConfigurationList;
			buildConfigurations = (
				26797F60283E0DD6006CCB20 /* Debug */,
				26797F61283E0DD6006CCB20 /* Release */,
			);
			defaultConfigurationIsVisible = 0;
			defaultConfigurationName = Release;
		};
/* End XCConfigurationList section */
	};
	rootObject = 26797F3E283E0DD4006CCB20 /* Project object */;
}
